
Microsoft Visual Studio Solution File, Format Version 12.00
# Visual Studio Version 17
VisualStudioVersion = 17.3.32929.385
MinimumVisualStudioVersion = 10.0.40219.1
Project("{FAE04EC0-301F-11D3-BF4B-00C04F79EFBC}") = "WpfApp1", "WpfApp1\WpfApp1.csproj", "{0F56C14A-4140-4902-B334-B5B921D389DA}"
EndProject
Global
	GlobalSection(SolutionConfigurationPlatforms) = preSolution
		Debug|Any CPU = Debug|Any CPU
		Release|Any CPU = Release|Any CPU
	EndGlobalSection
	GlobalSection(ProjectConfigurationPlatforms) = postSolution
		{0F56C14A-4140-4902-B334-B5B921D389DA}.Debug|Any CPU.ActiveCfg = Debug|Any CPU
		{0F56C14A-4140-4902-B334-B5B921D389DA}.Debug|Any CPU.Build.0 = Debug|Any CPU
		{0F56C14A-4140-4902-B334-B5B921D389DA}.Release|Any CPU.ActiveCfg = Release|Any CPU
		{0F56C14A-4140-4902-B334-B5B921D389DA}.Release|Any CPU.Build.0 = Release|Any CPU
	EndGlobalSection
	GlobalSection(SolutionProperties) = preSolution
		HideSolutionNode = FALSE
	EndGlobalSection
	GlobalSection(ExtensibilityGlobals) = postSolution
		SolutionGuid = {3390D642-7F81-4356-B79D-458010AA60E5}
	EndGlobalSection
EndGlobal
